{
  "name": "postmaker-skill",
  "version": "0.1.0",
  "lockfileVersion": 3,
  "requires": true,
  "packages": {
    "": {
      "name": "postmaker-skill",
      "version": "0.1.0",
      "license": "MIT",
      "bin": {
        "postmaker-skill": "bin/postmaker-skill.js"
      },
      "engines": {
        "node": ">=18"
      }
    }
  }
}
